// !$*UTF8*$!
{
	archiveVersion = 1;
	classes = {
	};
	objectVersion = 50;
	objects = {

/* Begin PBXBuildFile section */
		6EB7349A167724ABA756F3C9 /* libPods-El-MataarTests.a in Frameworks */ = {isa = PBXBuildFile; fileRef = 00C7FE0B63CE569042618ED6 /* libPods-El-MataarTests.a */; };
		BA0D77D727078254002938AB /* AppDelegate.swift in Sources */ = {isa = PBXBuildFile; fileRef = BA0D77D627078254002938AB /* AppDelegate.swift */; };
		BA0D77DB27078254002938AB /* AirlinesViewController.swift in Sources */ = {isa = PBXBuildFile; fileRef = BA0D77DA27078254002938AB /* AirlinesViewController.swift */; };
		BA0D77DE27078254002938AB /* Main.storyboard in Resources */ = {isa = PBXBuildFile; fileRef = BA0D77DC27078254002938AB /* Main.storyboard */; };
		BA0D77E027078254002938AB /* Assets.xcassets in Resources */ = {isa = PBXBuildFile; fileRef = BA0D77DF27078254002938AB /* Assets.xcassets */; };
		BA0D77E327078254002938AB /* LaunchScreen.storyboard in Resources */ = {isa = PBXBuildFile; fileRef = BA0D77E127078254002938AB /* LaunchScreen.storyboard */; };
		BA0D77EE27078255002938AB /* ElMataarMockService.swift in Sources */ = {isa = PBXBuildFile; fileRef = BA0D77ED27078255002938AB /* ElMataarMockService.swift */; };
		BA0D77F927078255002938AB /* El_MataarUITests.swift in Sources */ = {isa = PBXBuildFile; fileRef = BA0D77F827078255002938AB /* El_MataarUITests.swift */; };
		BA0D780827078F6C002938AB /* UIViewsExtensions.swift in Sources */ = {isa = PBXBuildFile; fileRef = BA0D780727078F6C002938AB /* UIViewsExtensions.swift */; };
		BA0D780E27079389002938AB /* AirlinesTableViewCell.swift in Sources */ = {isa = PBXBuildFile; fileRef = BA0D780D27079389002938AB /* AirlinesTableViewCell.swift */; };
		BA0D781227079DD7002938AB /* Vodafone Lt Regular.ttf in Resources */ = {isa = PBXBuildFile; fileRef = BA0D781127079DD7002938AB /* Vodafone Lt Regular.ttf */; };
		BA0D78182707A370002938AB /* BaseViewController.swift in Sources */ = {isa = PBXBuildFile; fileRef = BA0D78172707A370002938AB /* BaseViewController.swift */; };
		BA0D781A2707A84A002938AB /* Vodafone Rg Regular.ttf in Resources */ = {isa = PBXBuildFile; fileRef = BA0D78192707A84A002938AB /* Vodafone Rg Regular.ttf */; };
		BA0D781C2707C2A0002938AB /* AirLineDetailsViewController.swift in Sources */ = {isa = PBXBuildFile; fileRef = BA0D781B2707C2A0002938AB /* AirLineDetailsViewController.swift */; };
		BA0D78202707CC7C002938AB /* Vodafone Rg Bold.ttf in Resources */ = {isa = PBXBuildFile; fileRef = BA0D781F2707CC7C002938AB /* Vodafone Rg Bold.ttf */; };
		BA0D78282707E79B002938AB /* Colors.xcassets in Resources */ = {isa = PBXBuildFile; fileRef = BA0D78272707E79B002938AB /* Colors.xcassets */; };
		BA0D782A2707F0C6002938AB /* AddAirLineViewController.swift in Sources */ = {isa = PBXBuildFile; fileRef = BA0D78292707F0C6002938AB /* AddAirLineViewController.swift */; };
		BA0D782C2707F554002938AB /* Router.swift in Sources */ = {isa = PBXBuildFile; fileRef = BA0D782B2707F554002938AB /* Router.swift */; };
		BA0D782E2707F885002938AB /* UIApplicationExtension.swift in Sources */ = {isa = PBXBuildFile; fileRef = BA0D782D2707F885002938AB /* UIApplicationExtension.swift */; };
		BAB6C77C270A4450007A6EE4 /* Observable.swift in Sources */ = {isa = PBXBuildFile; fileRef = BAB6C77B270A4450007A6EE4 /* Observable.swift */; };
		BAB6C77F270A4665007A6EE4 /* AirLine.swift in Sources */ = {isa = PBXBuildFile; fileRef = BAB6C77E270A4665007A6EE4 /* AirLine.swift */; };
		BAB6C782270A4856007A6EE4 /* AirLinesTableViewModel.swift in Sources */ = {isa = PBXBuildFile; fileRef = BAB6C781270A4856007A6EE4 /* AirLinesTableViewModel.swift */; };
		BAB6C784270A4C54007A6EE4 /* ElMataarAPIClient.swift in Sources */ = {isa = PBXBuildFile; fileRef = BAB6C783270A4C54007A6EE4 /* ElMataarAPIClient.swift */; };
		BAB6C787270A56F8007A6EE4 /* ElMataarAPIClient+requests.swift in Sources */ = {isa = PBXBuildFile; fileRef = BAB6C786270A56F8007A6EE4 /* ElMataarAPIClient+requests.swift */; };
		BAB6C789270A609E007A6EE4 /* AirLinesDetailsViewModel.swift in Sources */ = {isa = PBXBuildFile; fileRef = BAB6C788270A609E007A6EE4 /* AirLinesDetailsViewModel.swift */; };
		BAB6C78B270A6B08007A6EE4 /* AddAirLineViewModel.swift in Sources */ = {isa = PBXBuildFile; fileRef = BAB6C78A270A6B08007A6EE4 /* AddAirLineViewModel.swift */; };
		BAB6C78D270A765F007A6EE4 /* AirLineWebViewController.swift in Sources */ = {isa = PBXBuildFile; fileRef = BAB6C78C270A765F007A6EE4 /* AirLineWebViewController.swift */; };
		BAB6C78F270A791B007A6EE4 /* K.swift in Sources */ = {isa = PBXBuildFile; fileRef = BAB6C78E270A791B007A6EE4 /* K.swift */; };
		BAB6C791270B6E2F007A6EE4 /* ElMataarAirLinesTableViewModelTest.swift in Sources */ = {isa = PBXBuildFile; fileRef = BAB6C790270B6E2F007A6EE4 /* ElMataarAirLinesTableViewModelTest.swift */; };
		EEE7CCC352ABD6C0EA51A114 /* libPods-El-Mataar.a in Frameworks */ = {isa = PBXBuildFile; fileRef = 195C51960970FCC677A83DB0 /* libPods-El-Mataar.a */; };
/* End PBXBuildFile section */

/* Begin PBXContainerItemProxy section */
		BA0D77EA27078255002938AB /* PBXContainerItemProxy */ = {
			isa = PBXContainerItemProxy;
			containerPortal = BA0D77CB27078254002938AB /* Project object */;
			proxyType = 1;
			remoteGlobalIDString = BA0D77D227078254002938AB;
			remoteInfo = "El-Mataar";
		};
		BA0D77F527078255002938AB /* PBXContainerItemProxy */ = {
			isa = PBXContainerItemProxy;
			containerPortal = BA0D77CB27078254002938AB /* Project object */;
			proxyType = 1;
			remoteGlobalIDString = BA0D77D227078254002938AB;
			remoteInfo = "El-Mataar";
		};
/* End PBXContainerItemProxy section */

/* Begin PBXFileReference section */
		00C7FE0B63CE569042618ED6 /* libPods-El-MataarTests.a */ = {isa = PBXFileReference; explicitFileType = archive.ar; includeInIndex = 0; path = "libPods-El-MataarTests.a"; sourceTree = BUILT_PRODUCTS_DIR; };
		195C51960970FCC677A83DB0 /* libPods-El-Mataar.a */ = {isa = PBXFileReference; explicitFileType = archive.ar; includeInIndex = 0; path = "libPods-El-Mataar.a"; sourceTree = BUILT_PRODUCTS_DIR; };
		75481CCDCDB7D4871359E661 /* Pods-El-Mataar.release.xcconfig */ = {isa = PBXFileReference; includeInIndex = 1; lastKnownFileType = text.xcconfig; name = "Pods-El-Mataar.release.xcconfig"; path = "Target Support Files/Pods-El-Mataar/Pods-El-Mataar.release.xcconfig"; sourceTree = "<group>"; };
		BA0D77D327078254002938AB /* El-Mataar.app */ = {isa = PBXFileReference; explicitFileType = wrapper.application; includeInIndex = 0; path = "El-Mataar.app"; sourceTree = BUILT_PRODUCTS_DIR; };
		BA0D77D627078254002938AB /* AppDelegate.swift */ = {isa = PBXFileReference; lastKnownFileType = sourcecode.swift; path = AppDelegate.swift; sourceTree = "<group>"; };
		BA0D77DA27078254002938AB /* AirlinesViewController.swift */ = {isa = PBXFileReference; lastKnownFileType = sourcecode.swift; path = AirlinesViewController.swift; sourceTree = "<group>"; };
		BA0D77DD27078254002938AB /* Base */ = {isa = PBXFileReference; lastKnownFileType = file.storyboard; name = Base; path = Base.lproj/Main.storyboard; sourceTree = "<group>"; };
		BA0D77DF27078254002938AB /* Assets.xcassets */ = {isa = PBXFileReference; lastKnownFileType = folder.assetcatalog; path = Assets.xcassets; sourceTree = "<group>"; };
		BA0D77E227078254002938AB /* Base */ = {isa = PBXFileReference; lastKnownFileType = file.storyboard; name = Base; path = Base.lproj/LaunchScreen.storyboard; sourceTree = "<group>"; };
		BA0D77E927078255002938AB /* El-MataarTests.xctest */ = {isa = PBXFileReference; explicitFileType = wrapper.cfbundle; includeInIndex = 0; path = "El-MataarTests.xctest"; sourceTree = BUILT_PRODUCTS_DIR; };
		BA0D77ED27078255002938AB /* ElMataarMockService.swift */ = {isa = PBXFileReference; lastKnownFileType = sourcecode.swift; path = ElMataarMockService.swift; sourceTree = "<group>"; };
		BA0D77EF27078255002938AB /* Info.plist */ = {isa = PBXFileReference; lastKnownFileType = text.plist.xml; path = Info.plist; sourceTree = "<group>"; };
		BA0D77F427078255002938AB /* El-MataarUITests.xctest */ = {isa = PBXFileReference; explicitFileType = wrapper.cfbundle; includeInIndex = 0; path = "El-MataarUITests.xctest"; sourceTree = BUILT_PRODUCTS_DIR; };
		BA0D77F827078255002938AB /* El_MataarUITests.swift */ = {isa = PBXFileReference; lastKnownFileType = sourcecode.swift; path = El_MataarUITests.swift; sourceTree = "<group>"; };
		BA0D77FA27078255002938AB /* Info.plist */ = {isa = PBXFileReference; lastKnownFileType = text.plist.xml; path = Info.plist; sourceTree = "<group>"; };
		BA0D780727078F6C002938AB /* UIViewsExtensions.swift */ = {isa = PBXFileReference; lastKnownFileType = sourcecode.swift; path = UIViewsExtensions.swift; sourceTree = "<group>"; };
		BA0D780D27079389002938AB /* AirlinesTableViewCell.swift */ = {isa = PBXFileReference; lastKnownFileType = sourcecode.swift; path = AirlinesTableViewCell.swift; sourceTree = "<group>"; };
		BA0D780F2707943B002938AB /* Info.plist */ = {isa = PBXFileReference; fileEncoding = 4; lastKnownFileType = text.plist.xml; path = Info.plist; sourceTree = "<group>"; };
		BA0D781127079DD7002938AB /* Vodafone Lt Regular.ttf */ = {isa = PBXFileReference; lastKnownFileType = file; path = "Vodafone Lt Regular.ttf"; sourceTree = "<group>"; };
		BA0D78172707A370002938AB /* BaseViewController.swift */ = {isa = PBXFileReference; lastKnownFileType = sourcecode.swift; path = BaseViewController.swift; sourceTree = "<group>"; };
		BA0D78192707A84A002938AB /* Vodafone Rg Regular.ttf */ = {isa = PBXFileReference; lastKnownFileType = file; path = "Vodafone Rg Regular.ttf"; sourceTree = "<group>"; };
		BA0D781B2707C2A0002938AB /* AirLineDetailsViewController.swift */ = {isa = PBXFileReference; lastKnownFileType = sourcecode.swift; path = AirLineDetailsViewController.swift; sourceTree = "<group>"; };
		BA0D781F2707CC7C002938AB /* Vodafone Rg Bold.ttf */ = {isa = PBXFileReference; lastKnownFileType = file; path = "Vodafone Rg Bold.ttf"; sourceTree = "<group>"; };
		BA0D78272707E79B002938AB /* Colors.xcassets */ = {isa = PBXFileReference; lastKnownFileType = folder.assetcatalog; path = Colors.xcassets; sourceTree = "<group>"; };
		BA0D78292707F0C6002938AB /* AddAirLineViewController.swift */ = {isa = PBXFileReference; lastKnownFileType = sourcecode.swift; path = AddAirLineViewController.swift; sourceTree = "<group>"; };
		BA0D782B2707F554002938AB /* Router.swift */ = {isa = PBXFileReference; lastKnownFileType = sourcecode.swift; path = Router.swift; sourceTree = "<group>"; };
		BA0D782D2707F885002938AB /* UIApplicationExtension.swift */ = {isa = PBXFileReference; lastKnownFileType = sourcecode.swift; path = UIApplicationExtension.swift; sourceTree = "<group>"; };
		BAB6C77B270A4450007A6EE4 /* Observable.swift */ = {isa = PBXFileReference; lastKnownFileType = sourcecode.swift; path = Observable.swift; sourceTree = "<group>"; };
		BAB6C77E270A4665007A6EE4 /* AirLine.swift */ = {isa = PBXFileReference; lastKnownFileType = sourcecode.swift; path = AirLine.swift; sourceTree = "<group>"; };
		BAB6C781270A4856007A6EE4 /* AirLinesTableViewModel.swift */ = {isa = PBXFileReference; lastKnownFileType = sourcecode.swift; path = AirLinesTableViewModel.swift; sourceTree = "<group>"; };
		BAB6C783270A4C54007A6EE4 /* ElMataarAPIClient.swift */ = {isa = PBXFileReference; lastKnownFileType = sourcecode.swift; path = ElMataarAPIClient.swift; sourceTree = "<group>"; };
		BAB6C786270A56F8007A6EE4 /* ElMataarAPIClient+requests.swift */ = {isa = PBXFileReference; lastKnownFileType = sourcecode.swift; path = "ElMataarAPIClient+requests.swift"; sourceTree = "<group>"; };
		BAB6C788270A609E007A6EE4 /* AirLinesDetailsViewModel.swift */ = {isa = PBXFileReference; lastKnownFileType = sourcecode.swift; path = AirLinesDetailsViewModel.swift; sourceTree = "<group>"; };
		BAB6C78A270A6B08007A6EE4 /* AddAirLineViewModel.swift */ = {isa = PBXFileReference; lastKnownFileType = sourcecode.swift; path = AddAirLineViewModel.swift; sourceTree = "<group>"; };
		BAB6C78C270A765F007A6EE4 /* AirLineWebViewController.swift */ = {isa = PBXFileReference; lastKnownFileType = sourcecode.swift; path = AirLineWebViewController.swift; sourceTree = "<group>"; };
		BAB6C78E270A791B007A6EE4 /* K.swift */ = {isa = PBXFileReference; lastKnownFileType = sourcecode.swift; path = K.swift; sourceTree = "<group>"; };
		BAB6C790270B6E2F007A6EE4 /* ElMataarAirLinesTableViewModelTest.swift */ = {isa = PBXFileReference; lastKnownFileType = sourcecode.swift; path = ElMataarAirLinesTableViewModelTest.swift; sourceTree = "<group>"; };
		E330847CEAA1EC5A60854F38 /* Pods-El-MataarTests.release.xcconfig */ = {isa = PBXFileReference; includeInIndex = 1; lastKnownFileType = text.xcconfig; name = "Pods-El-MataarTests.release.xcconfig"; path = "Target Support Files/Pods-El-MataarTests/Pods-El-MataarTests.release.xcconfig"; sourceTree = "<group>"; };
		F2A82A14CA196F2D95D85A9B /* Pods-El-Mataar.debug.xcconfig */ = {isa = PBXFileReference; includeInIndex = 1; lastKnownFileType = text.xcconfig; name = "Pods-El-Mataar.debug.xcconfig"; path = "Target Support Files/Pods-El-Mataar/Pods-El-Mataar.debug.xcconfig"; sourceTree = "<group>"; };
		F63B0DCF8785EBA2906245D5 /* Pods-El-MataarTests.debug.xcconfig */ = {isa = PBXFileReference; includeInIndex = 1; lastKnownFileType = text.xcconfig; name = "Pods-El-MataarTests.debug.xcconfig"; path = "Target Support Files/Pods-El-MataarTests/Pods-El-MataarTests.debug.xcconfig"; sourceTree = "<group>"; };
/* End PBXFileReference section */

/* Begin PBXFrameworksBuildPhase section */
		BA0D77D027078254002938AB /* Frameworks */ = {
			isa = PBXFrameworksBuildPhase;
			buildActionMask = 2147483647;
			files = (
				EEE7CCC352ABD6C0EA51A114 /* libPods-El-Mataar.a in Frameworks */,
			);
			runOnlyForDeploymentPostprocessing = 0;
		};
		BA0D77E627078255002938AB /* Frameworks */ = {
			isa = PBXFrameworksBuildPhase;
			buildActionMask = 2147483647;
			files = (
				6EB7349A167724ABA756F3C9 /* libPods-El-MataarTests.a in Frameworks */,
			);
			runOnlyForDeploymentPostprocessing = 0;
		};
		BA0D77F127078255002938AB /* Frameworks */ = {
			isa = PBXFrameworksBuildPhase;
			buildActionMask = 2147483647;
			files = (
			);
			runOnlyForDeploymentPostprocessing = 0;
		};
/* End PBXFrameworksBuildPhase section */

/* Begin PBXGroup section */
		7F7D8667B2BC182003816FA5 /* Frameworks */ = {
			isa = PBXGroup;
			children = (
				195C51960970FCC677A83DB0 /* libPods-El-Mataar.a */,
				00C7FE0B63CE569042618ED6 /* libPods-El-MataarTests.a */,
			);
			name = Frameworks;
			sourceTree = "<group>";
		};
		BA0D77CA27078254002938AB = {
			isa = PBXGroup;
			children = (
				BA0D77D527078254002938AB /* El-Mataar */,
				BA0D77EC27078255002938AB /* El-MataarTests */,
				BA0D77F727078255002938AB /* El-MataarUITests */,
				BA0D77D427078254002938AB /* Products */,
				CDA8CD003AD37A4C0BDA6F31 /* Pods */,
				7F7D8667B2BC182003816FA5 /* Frameworks */,
			);
			sourceTree = "<group>";
		};
		BA0D77D427078254002938AB /* Products */ = {
			isa = PBXGroup;
			children = (
				BA0D77D327078254002938AB /* El-Mataar.app */,
				BA0D77E927078255002938AB /* El-MataarTests.xctest */,
				BA0D77F427078255002938AB /* El-MataarUITests.xctest */,
			);
			name = Products;
			sourceTree = "<group>";
		};
		BA0D77D527078254002938AB /* El-Mataar */ = {
			isa = PBXGroup;
			children = (
				BAB6C77D270A44EA007A6EE4 /* Model */,
				BA0D780927079300002938AB /* View */,
				BAB6C780270A4841007A6EE4 /* View Model */,
				BA0D781427079DF8002938AB /* Helpers */,
				BA0D780F2707943B002938AB /* Info.plist */,
				BA0D77D627078254002938AB /* AppDelegate.swift */,
				BA0D77DF27078254002938AB /* Assets.xcassets */,
				BA0D78272707E79B002938AB /* Colors.xcassets */,
			);
			path = "El-Mataar";
			sourceTree = "<group>";
		};
		BA0D77EC27078255002938AB /* El-MataarTests */ = {
			isa = PBXGroup;
			children = (
				BA0D77ED27078255002938AB /* ElMataarMockService.swift */,
				BAB6C790270B6E2F007A6EE4 /* ElMataarAirLinesTableViewModelTest.swift */,
				BA0D77EF27078255002938AB /* Info.plist */,
			);
			path = "El-MataarTests";
			sourceTree = "<group>";
		};
		BA0D77F727078255002938AB /* El-MataarUITests */ = {
			isa = PBXGroup;
			children = (
				BA0D77F827078255002938AB /* El_MataarUITests.swift */,
				BA0D77FA27078255002938AB /* Info.plist */,
			);
			path = "El-MataarUITests";
			sourceTree = "<group>";
		};
		BA0D780627078F5D002938AB /* Extensions */ = {
			isa = PBXGroup;
			children = (
				BA0D780727078F6C002938AB /* UIViewsExtensions.swift */,
				BA0D782D2707F885002938AB /* UIApplicationExtension.swift */,
			);
			path = Extensions;
			sourceTree = "<group>";
		};
		BA0D780927079300002938AB /* View */ = {
			isa = PBXGroup;
			children = (
				BA0D77DC27078254002938AB /* Main.storyboard */,
				BA0D77E127078254002938AB /* LaunchScreen.storyboard */,
				BA0D780A27079317002938AB /* View Controllers */,
				BA0D780C27079365002938AB /* Customized Views */,
			);
			path = View;
			sourceTree = "<group>";
		};
		BA0D780A27079317002938AB /* View Controllers */ = {
			isa = PBXGroup;
			children = (
				BA0D78172707A370002938AB /* BaseViewController.swift */,
				BA0D77DA27078254002938AB /* AirlinesViewController.swift */,
				BA0D781B2707C2A0002938AB /* AirLineDetailsViewController.swift */,
				BA0D78292707F0C6002938AB /* AddAirLineViewController.swift */,
				BAB6C78C270A765F007A6EE4 /* AirLineWebViewController.swift */,
			);
			path = "View Controllers";
			sourceTree = "<group>";
		};
		BA0D780C27079365002938AB /* Customized Views */ = {
			isa = PBXGroup;
			children = (
				BA0D780D27079389002938AB /* AirlinesTableViewCell.swift */,
			);
			path = "Customized Views";
			sourceTree = "<group>";
		};
		BA0D781327079DE7002938AB /* Fonts */ = {
			isa = PBXGroup;
			children = (
				BA0D78192707A84A002938AB /* Vodafone Rg Regular.ttf */,
				BA0D781127079DD7002938AB /* Vodafone Lt Regular.ttf */,
				BA0D781F2707CC7C002938AB /* Vodafone Rg Bold.ttf */,
			);
			path = Fonts;
			sourceTree = "<group>";
		};
		BA0D781427079DF8002938AB /* Helpers */ = {
			isa = PBXGroup;
			children = (
				BAB6C77B270A4450007A6EE4 /* Observable.swift */,
				BA0D782B2707F554002938AB /* Router.swift */,
				BA0D780627078F5D002938AB /* Extensions */,
				BA0D781327079DE7002938AB /* Fonts */,
				BAB6C78E270A791B007A6EE4 /* K.swift */,
			);
			path = Helpers;
			sourceTree = "<group>";
		};
		BAB6C77D270A44EA007A6EE4 /* Model */ = {
			isa = PBXGroup;
			children = (
				BAB6C77E270A4665007A6EE4 /* AirLine.swift */,
				BAB6C785270A56E3007A6EE4 /* ElMataar API */,
			);
			path = Model;
			sourceTree = "<group>";
		};
		BAB6C780270A4841007A6EE4 /* View Model */ = {
			isa = PBXGroup;
			children = (
				BAB6C781270A4856007A6EE4 /* AirLinesTableViewModel.swift */,
				BAB6C788270A609E007A6EE4 /* AirLinesDetailsViewModel.swift */,
				BAB6C78A270A6B08007A6EE4 /* AddAirLineViewModel.swift */,
			);
			path = "View Model";
			sourceTree = "<group>";
		};
		BAB6C785270A56E3007A6EE4 /* ElMataar API */ = {
			isa = PBXGroup;
			children = (
				BAB6C783270A4C54007A6EE4 /* ElMataarAPIClient.swift */,
				BAB6C786270A56F8007A6EE4 /* ElMataarAPIClient+requests.swift */,
			);
			path = "ElMataar API";
			sourceTree = "<group>";
		};
		CDA8CD003AD37A4C0BDA6F31 /* Pods */ = {
			isa = PBXGroup;
			children = (
				F2A82A14CA196F2D95D85A9B /* Pods-El-Mataar.debug.xcconfig */,
				75481CCDCDB7D4871359E661 /* Pods-El-Mataar.release.xcconfig */,
				F63B0DCF8785EBA2906245D5 /* Pods-El-MataarTests.debug.xcconfig */,
				E330847CEAA1EC5A60854F38 /* Pods-El-MataarTests.release.xcconfig */,
			);
			path = Pods;
			sourceTree = "<group>";
		};
/* End PBXGroup section */

/* Begin PBXNativeTarget section */
		BA0D77D227078254002938AB /* El-Mataar */ = {
			isa = PBXNativeTarget;
			buildConfigurationList = BA0D77FD27078255002938AB /* Build configuration list for PBXNativeTarget "El-Mataar" */;
			buildPhases = (
				4F1BF568C34D5F48181C1887 /* [CP] Check Pods Manifest.lock */,
				BA0D77CF27078254002938AB /* Sources */,
				BA0D77D027078254002938AB /* Frameworks */,
				BA0D77D127078254002938AB /* Resources */,
			);
			buildRules = (
			);
			dependencies = (
			);
			name = "El-Mataar";
			productName = "El-Mataar";
			productReference = BA0D77D327078254002938AB /* El-Mataar.app */;
			productType = "com.apple.product-type.application";
		};
		BA0D77E827078255002938AB /* El-MataarTests */ = {
			isa = PBXNativeTarget;
			buildConfigurationList = BA0D780027078255002938AB /* Build configuration list for PBXNativeTarget "El-MataarTests" */;
			buildPhases = (
				F83C3C78DF41167C1F660A1B /* [CP] Check Pods Manifest.lock */,
				BA0D77E527078255002938AB /* Sources */,
				BA0D77E627078255002938AB /* Frameworks */,
				BA0D77E727078255002938AB /* Resources */,
			);
			buildRules = (
			);
			dependencies = (
				BA0D77EB27078255002938AB /* PBXTargetDependency */,
			);
			name = "El-MataarTests";
			productName = "El-MataarTests";
			productReference = BA0D77E927078255002938AB /* El-MataarTests.xctest */;
			productType = "com.apple.product-type.bundle.unit-test";
		};
		BA0D77F327078255002938AB /* El-MataarUITests */ = {
			isa = PBXNativeTarget;
			buildConfigurationList = BA0D780327078255002938AB /* Build configuration list for PBXNativeTarget "El-MataarUITests" */;
			buildPhases = (
				BA0D77F027078255002938AB /* Sources */,
				BA0D77F127078255002938AB /* Frameworks */,
				BA0D77F227078255002938AB /* Resources */,
			);
			buildRules = (
			);
			dependencies = (
				BA0D77F627078255002938AB /* PBXTargetDependency */,
			);
			name = "El-MataarUITests";
			productName = "El-MataarUITests";
			productReference = BA0D77F427078255002938AB /* El-MataarUITests.xctest */;
			productType = "com.apple.product-type.bundle.ui-testing";
		};
/* End PBXNativeTarget section */

/* Begin PBXProject section */
		BA0D77CB27078254002938AB /* Project object */ = {
			isa = PBXProject;
			attributes = {
				LastSwiftUpdateCheck = 1250;
				LastUpgradeCheck = 1250;
				TargetAttributes = {
					BA0D77D227078254002938AB = {
						CreatedOnToolsVersion = 12.5.1;
					};
					BA0D77E827078255002938AB = {
						CreatedOnToolsVersion = 12.5.1;
						TestTargetID = BA0D77D227078254002938AB;
					};
					BA0D77F327078255002938AB = {
						CreatedOnToolsVersion = 12.5.1;
						TestTargetID = BA0D77D227078254002938AB;
					};
				};
			};
			buildConfigurationList = BA0D77CE27078254002938AB /* Build configuration list for PBXProject "El-Mataar" */;
			compatibilityVersion = "Xcode 9.3";
			developmentRegion = en;
			hasScannedForEncodings = 0;
			knownRegions = (
				en,
				Base,
			);
			mainGroup = BA0D77CA27078254002938AB;
			productRefGroup = BA0D77D427078254002938AB /* Products */;
			projectDirPath = "";
			projectRoot = "";
			targets = (
				BA0D77D227078254002938AB /* El-Mataar */,
				BA0D77E827078255002938AB /* El-MataarTests */,
				BA0D77F327078255002938AB /* El-MataarUITests */,
			);
		};
/* End PBXProject section */

/* Begin PBXResourcesBuildPhase section */
		BA0D77D127078254002938AB /* Resources */ = {
			isa = PBXResourcesBuildPhase;
			buildActionMask = 2147483647;
			files = (
				BA0D77E327078254002938AB /* LaunchScreen.storyboard in Resources */,
				BA0D781A2707A84A002938AB /* Vodafone Rg Regular.ttf in Resources */,
				BA0D77E027078254002938AB /* Assets.xcassets in Resources */,
				BA0D77DE27078254002938AB /* Main.storyboard in Resources */,
				BA0D78202707CC7C002938AB /* Vodafone Rg Bold.ttf in Resources */,
				BA0D781227079DD7002938AB /* Vodafone Lt Regular.ttf in Resources */,
				BA0D78282707E79B002938AB /* Colors.xcassets in Resources */,
			);
			runOnlyForDeploymentPostprocessing = 0;
		};
		BA0D77E727078255002938AB /* Resources */ = {
			isa = PBXResourcesBuildPhase;
			buildActionMask = 2147483647;
			files = (
			);
			runOnlyForDeploymentPostprocessing = 0;
		};
		BA0D77F227078255002938AB /* Resources */ = {
			isa = PBXResourcesBuildPhase;
			buildActionMask = 2147483647;
			files = (
			);
			runOnlyForDeploymentPostprocessing = 0;
		};
/* End PBXResourcesBuildPhase section */

/* Begin PBXShellScriptBuildPhase section */
		4F1BF568C34D5F48181C1887 /* [CP] Check Pods Manifest.lock */ = {
			isa = PBXShellScriptBuildPhase;
			buildActionMask = 2147483647;
			files = (
			);
			inputFileListPaths = (
			);
			inputPaths = (
				"${PODS_PODFILE_DIR_PATH}/Podfile.lock",
				"${PODS_ROOT}/Manifest.lock",
			);
			name = "[CP] Check Pods Manifest.lock";
			outputFileListPaths = (
			);
			outputPaths = (
				"$(DERIVED_FILE_DIR)/Pods-El-Mataar-checkManifestLockResult.txt",
			);
			runOnlyForDeploymentPostprocessing = 0;
			shellPath = /bin/sh;
			shellScript = "diff \"${PODS_PODFILE_DIR_PATH}/Podfile.lock\" \"${PODS_ROOT}/Manifest.lock\" > /dev/null\nif [ $? != 0 ] ; then\n    # print error to STDERR\n    echo \"error: The sandbox is not in sync with the Podfile.lock. Run 'pod install' or update your CocoaPods installation.\" >&2\n    exit 1\nfi\n# This output is used by Xcode 'outputs' to avoid re-running this script phase.\necho \"SUCCESS\" > \"${SCRIPT_OUTPUT_FILE_0}\"\n";
			showEnvVarsInLog = 0;
		};
		F83C3C78DF41167C1F660A1B /* [CP] Check Pods Manifest.lock */ = {
			isa = PBXShellScriptBuildPhase;
			buildActionMask = 2147483647;
			files = (
			);
			inputFileListPaths = (
			);
			inputPaths = (
				"${PODS_PODFILE_DIR_PATH}/Podfile.lock",
				"${PODS_ROOT}/Manifest.lock",
			);
			name = "[CP] Check Pods Manifest.lock";
			outputFileListPaths = (
			);
			outputPaths = (
				"$(DERIVED_FILE_DIR)/Pods-El-MataarTests-checkManifestLockResult.txt",
			);
			runOnlyForDeploymentPostprocessing = 0;
			shellPath = /bin/sh;
			shellScript = "diff \"${PODS_PODFILE_DIR_PATH}/Podfile.lock\" \"${PODS_ROOT}/Manifest.lock\" > /dev/null\nif [ $? != 0 ] ; then\n    # print error to STDERR\n    echo \"error: The sandbox is not in sync with the Podfile.lock. Run 'pod install' or update your CocoaPods installation.\" >&2\n    exit 1\nfi\n# This output is used by Xcode 'outputs' to avoid re-running this script phase.\necho \"SUCCESS\" > \"${SCRIPT_OUTPUT_FILE_0}\"\n";
			showEnvVarsInLog = 0;
		};
/* End PBXShellScriptBuildPhase section */

/* Begin PBXSourcesBuildPhase section */
		BA0D77CF27078254002938AB /* Sources */ = {
			isa = PBXSourcesBuildPhase;
			buildActionMask = 2147483647;
			files = (
				BA0D782C2707F554002938AB /* Router.swift in Sources */,
				BAB6C77F270A4665007A6EE4 /* AirLine.swift in Sources */,
				BA0D78182707A370002938AB /* BaseViewController.swift in Sources */,
				BA0D782A2707F0C6002938AB /* AddAirLineViewController.swift in Sources */,
				BA0D780E27079389002938AB /* AirlinesTableViewCell.swift in Sources */,
				BA0D77DB27078254002938AB /* AirlinesViewController.swift in Sources */,
				BAB6C782270A4856007A6EE4 /* AirLinesTableViewModel.swift in Sources */,
				BA0D780827078F6C002938AB /* UIViewsExtensions.swift in Sources */,
				BAB6C77C270A4450007A6EE4 /* Observable.swift in Sources */,
				BAB6C789270A609E007A6EE4 /* AirLinesDetailsViewModel.swift in Sources */,
				BAB6C78D270A765F007A6EE4 /* AirLineWebViewController.swift in Sources */,
				BA0D782E2707F885002938AB /* UIApplicationExtension.swift in Sources */,
				BAB6C787270A56F8007A6EE4 /* ElMataarAPIClient+requests.swift in Sources */,
				BAB6C784270A4C54007A6EE4 /* ElMataarAPIClient.swift in Sources */,
				BAB6C78B270A6B08007A6EE4 /* AddAirLineViewModel.swift in Sources */,
				BA0D781C2707C2A0002938AB /* AirLineDetailsViewController.swift in Sources */,
				BA0D77D727078254002938AB /* AppDelegate.swift in Sources */,
				BAB6C78F270A791B007A6EE4 /* K.swift in Sources */,
			);
			runOnlyForDeploymentPostprocessing = 0;
		};
		BA0D77E527078255002938AB /* Sources */ = {
			isa = PBXSourcesBuildPhase;
			buildActionMask = 2147483647;
			files = (
				BA0D77EE27078255002938AB /* ElMataarMockService.swift in Sources */,
				BAB6C791270B6E2F007A6EE4 /* ElMataarAirLinesTableViewModelTest.swift in Sources */,
			);
			runOnlyForDeploymentPostprocessing = 0;
		};
		BA0D77F027078255002938AB /* Sources */ = {
			isa = PBXSourcesBuildPhase;
			buildActionMask = 2147483647;
			files = (
				BA0D77F927078255002938AB /* El_MataarUITests.swift in Sources */,
			);
			runOnlyForDeploymentPostprocessing = 0;
		};
/* End PBXSourcesBuildPhase section */

/* Begin PBXTargetDependency section */
		BA0D77EB27078255002938AB /* PBXTargetDependency */ = {
			isa = PBXTargetDependency;
			target = BA0D77D227078254002938AB /* El-Mataar */;
			targetProxy = BA0D77EA27078255002938AB /* PBXContainerItemProxy */;
		};
		BA0D77F627078255002938AB /* PBXTargetDependency */ = {
			isa = PBXTargetDependency;
			target = BA0D77D227078254002938AB /* El-Mataar */;
			targetProxy = BA0D77F527078255002938AB /* PBXContainerItemProxy */;
		};
/* End PBXTargetDependency section */

/* Begin PBXVariantGroup section */
		BA0D77DC27078254002938AB /* Main.storyboard */ = {
			isa = PBXVariantGroup;
			children = (
				BA0D77DD27078254002938AB /* Base */,
			);
			name = Main.storyboard;
			sourceTree = "<group>";
		};
		BA0D77E127078254002938AB /* LaunchScreen.storyboard */ = {
			isa = PBXVariantGroup;
			children = (
				BA0D77E227078254002938AB /* Base */,
			);
			name = LaunchScreen.storyboard;
			sourceTree = "<group>";
		};
/* End PBXVariantGroup section */

/* Begin XCBuildConfiguration section */
		BA0D77FB27078255002938AB /* Debug */ = {
			isa = XCBuildConfiguration;
			buildSettings = {
				ALWAYS_SEARCH_USER_PATHS = NO;
				CLANG_ANALYZER_NONNULL = YES;
				CLANG_ANALYZER_NUMBER_OBJECT_CONVERSION = YES_AGGRESSIVE;
				CLANG_CXX_LANGUAGE_STANDARD = "gnu++14";
				CLANG_CXX_LIBRARY = "libc++";
				CLANG_ENABLE_MODULES = YES;
				CLANG_ENABLE_OBJC_ARC = YES;
				CLANG_ENABLE_OBJC_WEAK = YES;
				CLANG_WARN_BLOCK_CAPTURE_AUTORELEASING = YES;
				CLANG_WARN_BOOL_CONVERSION = YES;
				CLANG_WARN_COMMA = YES;
				CLANG_WARN_CONSTANT_CONVERSION = YES;
				CLANG_WARN_DEPRECATED_OBJC_IMPLEMENTATIONS = YES;
				CLANG_WARN_DIRECT_OBJC_ISA_USAGE = YES_ERROR;
				CLANG_WARN_DOCUMENTATION_COMMENTS = YES;
				CLANG_WARN_EMPTY_BODY = YES;
				CLANG_WARN_ENUM_CONVERSION = YES;
				CLANG_WARN_INFINITE_RECURSION = YES;
				CLANG_WARN_INT_CONVERSION = YES;
				CLANG_WARN_NON_LITERAL_NULL_CONVERSION = YES;
				CLANG_WARN_OBJC_IMPLICIT_RETAIN_SELF = YES;
				CLANG_WARN_OBJC_LITERAL_CONVERSION = YES;
				CLANG_WARN_OBJC_ROOT_CLASS = YES_ERROR;
				CLANG_WARN_QUOTED_INCLUDE_IN_FRAMEWORK_HEADER = YES;
				CLANG_WARN_RANGE_LOOP_ANALYSIS = YES;
				CLANG_WARN_STRICT_PROTOTYPES = YES;
				CLANG_WARN_SUSPICIOUS_MOVE = YES;
				CLANG_WARN_UNGUARDED_AVAILABILITY = YES_AGGRESSIVE;
				CLANG_WARN_UNREACHABLE_CODE = YES;
				CLANG_WARN__DUPLICATE_METHOD_MATCH = YES;
				COPY_PHASE_STRIP = NO;
				DEBUG_INFORMATION_FORMAT = dwarf;
				ENABLE_STRICT_OBJC_MSGSEND = YES;
				ENABLE_TESTABILITY = YES;
				GCC_C_LANGUAGE_STANDARD = gnu11;
				GCC_DYNAMIC_NO_PIC = NO;
				GCC_NO_COMMON_BLOCKS = YES;
				GCC_OPTIMIZATION_LEVEL = 0;
				GCC_PREPROCESSOR_DEFINITIONS = (
					"DEBUG=1",
					"$(inherited)",
				);
				GCC_WARN_64_TO_32_BIT_CONVERSION = YES;
				GCC_WARN_ABOUT_RETURN_TYPE = YES_ERROR;
				GCC_WARN_UNDECLARED_SELECTOR = YES;
				GCC_WARN_UNINITIALIZED_AUTOS = YES_AGGRESSIVE;
				GCC_WARN_UNUSED_FUNCTION = YES;
				GCC_WARN_UNUSED_VARIABLE = YES;
				IPHONEOS_DEPLOYMENT_TARGET = 11.0;
				MTL_ENABLE_DEBUG_INFO = INCLUDE_SOURCE;
				MTL_FAST_MATH = YES;
				ONLY_ACTIVE_ARCH = YES;
				SDKROOT = iphoneos;
				SWIFT_ACTIVE_COMPILATION_CONDITIONS = DEBUG;
				SWIFT_OPTIMIZATION_LEVEL = "-Onone";
			};
			name = Debug;
		};
		BA0D77FC27078255002938AB /* Release */ = {
			isa = XCBuildConfiguration;
			buildSettings = {
				ALWAYS_SEARCH_USER_PATHS = NO;
				CLANG_ANALYZER_NONNULL = YES;
				CLANG_ANALYZER_NUMBER_OBJECT_CONVERSION = YES_AGGRESSIVE;
				CLANG_CXX_LANGUAGE_STANDARD = "gnu++14";
				CLANG_CXX_LIBRARY = "libc++";
				CLANG_ENABLE_MODULES = YES;
				CLANG_ENABLE_OBJC_ARC = YES;
				CLANG_ENABLE_OBJC_WEAK = YES;
				CLANG_WARN_BLOCK_CAPTURE_AUTORELEASING = YES;
				CLANG_WARN_BOOL_CONVERSION = YES;
				CLANG_WARN_COMMA = YES;
				CLANG_WARN_CONSTANT_CONVERSION = YES;
				CLANG_WARN_DEPRECATED_OBJC_IMPLEMENTATIONS = YES;
				CLANG_WARN_DIRECT_OBJC_ISA_USAGE = YES_ERROR;
				CLANG_WARN_DOCUMENTATION_COMMENTS = YES;
				CLANG_WARN_EMPTY_BODY = YES;
				CLANG_WARN_ENUM_CONVERSION = YES;
				CLANG_WARN_INFINITE_RECURSION = YES;
				CLANG_WARN_INT_CONVERSION = YES;
				CLANG_WARN_NON_LITERAL_NULL_CONVERSION = YES;
				CLANG_WARN_OBJC_IMPLICIT_RETAIN_SELF = YES;
				CLANG_WARN_OBJC_LITERAL_CONVERSION = YES;
				CLANG_WARN_OBJC_ROOT_CLASS = YES_ERROR;
				CLANG_WARN_QUOTED_INCLUDE_IN_FRAMEWORK_HEADER = YES;
				CLANG_WARN_RANGE_LOOP_ANALYSIS = YES;
				CLANG_WARN_STRICT_PROTOTYPES = YES;
				CLANG_WARN_SUSPICIOUS_MOVE = YES;
				CLANG_WARN_UNGUARDED_AVAILABILITY = YES_AGGRESSIVE;
				CLANG_WARN_UNREACHABLE_CODE = YES;
				CLANG_WARN__DUPLICATE_METHOD_MATCH = YES;
				COPY_PHASE_STRIP = NO;
				DEBUG_INFORMATION_FORMAT = "dwarf-with-dsym";
				ENABLE_NS_ASSERTIONS = NO;
				ENABLE_STRICT_OBJC_MSGSEND = YES;
				GCC_C_LANGUAGE_STANDARD = gnu11;
				GCC_NO_COMMON_BLOCKS = YES;
				GCC_WARN_64_TO_32_BIT_CONVERSION = YES;
				GCC_WARN_ABOUT_RETURN_TYPE = YES_ERROR;
				GCC_WARN_UNDECLARED_SELECTOR = YES;
				GCC_WARN_UNINITIALIZED_AUTOS = YES_AGGRESSIVE;
				GCC_WARN_UNUSED_FUNCTION = YES;
				GCC_WARN_UNUSED_VARIABLE = YES;
				IPHONEOS_DEPLOYMENT_TARGET = 11.0;
				MTL_ENABLE_DEBUG_INFO = NO;
				MTL_FAST_MATH = YES;
				SDKROOT = iphoneos;
				SWIFT_COMPILATION_MODE = wholemodule;
				SWIFT_OPTIMIZATION_LEVEL = "-O";
				VALIDATE_PRODUCT = YES;
			};
			name = Release;
		};
		BA0D77FE27078255002938AB /* Debug */ = {
			isa = XCBuildConfiguration;
			baseConfigurationReference = F2A82A14CA196F2D95D85A9B /* Pods-El-Mataar.debug.xcconfig */;
			buildSettings = {
				ASSETCATALOG_COMPILER_APPICON_NAME = AppIcon;
				ASSETCATALOG_COMPILER_GLOBAL_ACCENT_COLOR_NAME = AccentColor;
				CODE_SIGN_STYLE = Automatic;
				INFOPLIST_FILE = "El-Mataar/Info.plist";
				IPHONEOS_DEPLOYMENT_TARGET = 11.0;
				LD_RUNPATH_SEARCH_PATHS = (
					"$(inherited)",
					"@executable_path/Frameworks",
				);
				PRODUCT_BUNDLE_IDENTIFIER = "com.Gemy.El-Mataar";
				PRODUCT_NAME = "$(TARGET_NAME)";
				SWIFT_VERSION = 5.0;
				TARGETED_DEVICE_FAMILY = 1;
			};
			name = Debug;
		};
		BA0D77FF27078255002938AB /* Release */ = {
			isa = XCBuildConfiguration;
			baseConfigurationReference = 75481CCDCDB7D4871359E661 /* Pods-El-Mataar.release.xcconfig */;
			buildSettings = {
				ASSETCATALOG_COMPILER_APPICON_NAME = AppIcon;
				ASSETCATALOG_COMPILER_GLOBAL_ACCENT_COLOR_NAME = AccentColor;
				CODE_SIGN_STYLE = Automatic;
				INFOPLIST_FILE = "El-Mataar/Info.plist";
				IPHONEOS_DEPLOYMENT_TARGET = 11.0;
				LD_RUNPATH_SEARCH_PATHS = (
					"$(inherited)",
					"@executable_path/Frameworks",
				);
				PRODUCT_BUNDLE_IDENTIFIER = "com.Gemy.El-Mataar";
				PRODUCT_NAME = "$(TARGET_NAME)";
				SWIFT_VERSION = 5.0;
				TARGETED_DEVICE_FAMILY = 1;
			};
			name = Release;
		};
		BA0D780127078255002938AB /* Debug */ = {
			isa = XCBuildConfiguration;
			baseConfigurationReference = F63B0DCF8785EBA2906245D5 /* Pods-El-MataarTests.debug.xcconfig */;
			buildSettings = {
				ALWAYS_EMBED_SWIFT_STANDARD_LIBRARIES = YES;
				BUNDLE_LOADER = "$(TEST_HOST)";
				CODE_SIGN_STYLE = Automatic;
				INFOPLIST_FILE = "El-MataarTests/Info.plist";
				IPHONEOS_DEPLOYMENT_TARGET = 14.5;
				LD_RUNPATH_SEARCH_PATHS = (
					"$(inherited)",
					"@executable_path/Frameworks",
					"@loader_path/Frameworks",
				);
				PRODUCT_BUNDLE_IDENTIFIER = "com.Gemy.El-MataarTests";
				PRODUCT_NAME = "$(TARGET_NAME)";
				SWIFT_VERSION = 5.0;
				TARGETED_DEVICE_FAMILY = "1,2";
				TEST_HOST = "$(BUILT_PRODUCTS_DIR)/El-Mataar.app/El-Mataar";
			};
			name = Debug;
		};
		BA0D780227078255002938AB /* Release */ = {
			isa = XCBuildConfiguration;
			baseConfigurationReference = E330847CEAA1EC5A60854F38 /* Pods-El-MataarTests.release.xcconfig */;
			buildSettings = {
				ALWAYS_EMBED_SWIFT_STANDARD_LIBRARIES = YES;
				BUNDLE_LOADER = "$(TEST_HOST)";
				CODE_SIGN_STYLE = Automatic;
				INFOPLIST_FILE = "El-MataarTests/Info.plist";
				IPHONEOS_DEPLOYMENT_TARGET = 14.5;
				LD_RUNPATH_SEARCH_PATHS = (
					"$(inherited)",
					"@executable_path/Frameworks",
					"@loader_path/Frameworks",
				);
				PRODUCT_BUNDLE_IDENTIFIER = "com.Gemy.El-MataarTests";
				PRODUCT_NAME = "$(TARGET_NAME)";
				SWIFT_VERSION = 5.0;
				TARGETED_DEVICE_FAMILY = "1,2";
				TEST_HOST = "$(BUILT_PRODUCTS_DIR)/El-Mataar.app/El-Mataar";
			};
			name = Release;
		};
		BA0D780427078255002938AB /* Debug */ = {
			isa = XCBuildConfiguration;
			buildSettings = {
				ALWAYS_EMBED_SWIFT_STANDARD_LIBRARIES = YES;
				CODE_SIGN_STYLE = Automatic;
				INFOPLIST_FILE = "El-MataarUITests/Info.plist";
				LD_RUNPATH_SEARCH_PATHS = (
					"$(inherited)",
					"@executable_path/Frameworks",
					"@loader_path/Frameworks",
				);
				PRODUCT_BUNDLE_IDENTIFIER = "com.Gemy.El-MataarUITests";
				PRODUCT_NAME = "$(TARGET_NAME)";
				SWIFT_VERSION = 5.0;
				TARGETED_DEVICE_FAMILY = "1,2";
				TEST_TARGET_NAME = "El-Mataar";
			};
			name = Debug;
		};
		BA0D780527078255002938AB /* Release */ = {
			isa = XCBuildConfiguration;
			buildSettings = {
				ALWAYS_EMBED_SWIFT_STANDARD_LIBRARIES = YES;
				CODE_SIGN_STYLE = Automatic;
				INFOPLIST_FILE = "El-MataarUITests/Info.plist";
				LD_RUNPATH_SEARCH_PATHS = (
					"$(inherited)",
					"@executable_path/Frameworks",
					"@loader_path/Frameworks",
				);
				PRODUCT_BUNDLE_IDENTIFIER = "com.Gemy.El-MataarUITests";
				PRODUCT_NAME = "$(TARGET_NAME)";
				SWIFT_VERSION = 5.0;
				TARGETED_DEVICE_FAMILY = "1,2";
				TEST_TARGET_NAME = "El-Mataar";
			};
			name = Release;
		};
/* End XCBuildConfiguration section */

/* Begin XCConfigurationList section */
		BA0D77CE27078254002938AB /* Build configuration list for PBXProject "El-Mataar" */ = {
			isa = XCConfigurationList;
			buildConfigurations = (
				BA0D77FB27078255002938AB /* Debug */,
				BA0D77FC27078255002938AB /* Release */,
			);
			defaultConfigurationIsVisible = 0;
			defaultConfigurationName = Release;
		};
		BA0D77FD27078255002938AB /* Build configuration list for PBXNativeTarget "El-Mataar" */ = {
			isa = XCConfigurationList;
			buildConfigurations = (
				BA0D77FE27078255002938AB /* Debug */,
				BA0D77FF27078255002938AB /* Release */,
			);
			defaultConfigurationIsVisible = 0;
			defaultConfigurationName = Release;
		};
		BA0D780027078255002938AB /* Build configuration list for PBXNativeTarget "El-MataarTests" */ = {
			isa = XCConfigurationList;
			buildConfigurations = (
				BA0D780127078255002938AB /* Debug */,
				BA0D780227078255002938AB /* Release */,
			);
			defaultConfigurationIsVisible = 0;
			defaultConfigurationName = Release;
		};
		BA0D780327078255002938AB /* Build configuration list for PBXNativeTarget "El-MataarUITests" */ = {
			isa = XCConfigurationList;
			buildConfigurations = (
				BA0D780427078255002938AB /* Debug */,
				BA0D780527078255002938AB /* Release */,
			);
			defaultConfigurationIsVisible = 0;
			defaultConfigurationName = Release;
		};
/* End XCConfigurationList section */
	};
	rootObject = BA0D77CB27078254002938AB /* Project object */;
}
